
Microsoft Visual Studio Solution File, Format Version 12.00
# Visual Studio Version 16
VisualStudioVersion = 16.0.30523.141
MinimumVisualStudioVersion = 10.0.40219.1
Project("{FAE04EC0-301F-11D3-BF4B-00C04F79EFBC}") = "AmazingShop", "AmazingShop\AmazingShop.csproj", "{AAF44A48-6EFE-47D4-AEDB-FAD71C946E8F}"
EndProject
Global
	GlobalSection(SolutionConfigurationPlatforms) = preSolution
		Debug|Any CPU = Debug|Any CPU
		Release|Any CPU = Release|Any CPU
	EndGlobalSection
	GlobalSection(ProjectConfigurationPlatforms) = postSolution
		{AAF44A48-6EFE-47D4-AEDB-FAD71C946E8F}.Debug|Any CPU.ActiveCfg = Debug|Any CPU
		{AAF44A48-6EFE-47D4-AEDB-FAD71C946E8F}.Debug|Any CPU.Build.0 = Debug|Any CPU
		{AAF44A48-6EFE-47D4-AEDB-FAD71C946E8F}.Release|Any CPU.ActiveCfg = Release|Any CPU
		{AAF44A48-6EFE-47D4-AEDB-FAD71C946E8F}.Release|Any CPU.Build.0 = Release|Any CPU
	EndGlobalSection
	GlobalSection(SolutionProperties) = preSolution
		HideSolutionNode = FALSE
	EndGlobalSection
	GlobalSection(ExtensibilityGlobals) = postSolution
		SolutionGuid = {8449BA20-89A7-43D2-AA9E-90C7FFD9D4F9}
	EndGlobalSection
EndGlobal
